<?xml version="1.0" encoding="utf-8"?>
<Project ToolsVersion="4.0" xmlns="http://schemas.microsoft.com/developer/msbuild/2003">
  <ItemGroup>
    <Filter Include="源文件">
      <UniqueIdentifier>{4FC737F1-C7A5-4376-A066-2A32D752A2FF}</UniqueIdentifier>
      <Extensions>cpp;c;cc;cxx;c++;cppm;ixx;def;odl;idl;hpj;bat;asm;asmx</Extensions>
    </Filter>
    <Filter Include="头文件">
      <UniqueIdentifier>{93995380-89BD-4b04-88EB-625FBE52EBFB}</UniqueIdentifier>
      <Extensions>h;hh;hpp;hxx;h++;hm;inl;inc;ipp;xsd</Extensions>
    </Filter>
    <Filter Include="资源文件">
      <UniqueIdentifier>{67DA6AB6-F800-4c08-8B7A-83BB121AAD01}</UniqueIdentifier>
      <Extensions>rc;ico;cur;bmp;dlg;rc2;rct;bin;rgs;gif;jpg;jpeg;jpe;resx;tiff;tif;png;wav;mfcribbon-ms</Extensions>
    </Filter>
    <Filter Include="源文件\ToolObject">
      <UniqueIdentifier>{c1bbc51e-e48f-4026-bada-12a641ede724}</UniqueIdentifier>
    </Filter>
    <Filter Include="头文件\ToolObject">
      <UniqueIdentifier>{703897c4-d297-4dd6-96c2-fe088f05dcf7}</UniqueIdentifier>
    </Filter>
  </ItemGroup>
  <ItemGroup>
    <ClInclude Include="GameObject.h">
      <Filter>头文件</Filter>
    </ClInclude>
    <ClInclude Include="paint.h">
      <Filter>头文件</Filter>
    </ClInclude>
    <ClInclude Include="toString.h">
      <Filter>头文件</Filter>
    </ClInclude>
    <ClInclude Include="test.hpp">
      <Filter>头文件</Filter>
    </ClInclude>
    <ClInclude Include="StartScene.h">
      <Filter>头文件</Filter>
    </ClInclude>
    <ClInclude Include="CONSTANT_NAME_DEFINE.h">
      <Filter>头文件</Filter>
    </ClInclude>
    <ClInclude Include="MyData.h">
      <Filter>头文件</Filter>
    </ClInclude>
    <ClInclude Include="ReadLineData.h">
      <Filter>头文件</Filter>
    </ClInclude>
    <ClInclude Include="ObjectBase.h">
      <Filter>头文件\ToolObject</Filter>
    </ClInclude>
    <ClInclude Include="Button.h">
      <Filter>头文件\ToolObject</Filter>
    </ClInclude>
    <ClInclude Include="Widget.h">
      <Filter>头文件\ToolObject</Filter>
    </ClInclude>
    <ClInclude Include="ChildrenList.h">
      <Filter>头文件\ToolObject</Filter>
    </ClInclude>
  </ItemGroup>
  <ItemGroup>
    <ClCompile Include="main.cpp">
      <Filter>源文件</Filter>
    </ClCompile>
    <ClCompile Include="paint.cpp">
      <Filter>源文件</Filter>
    </ClCompile>
    <ClCompile Include="GameObject.cpp">
      <Filter>源文件</Filter>
    </ClCompile>
    <ClCompile Include="toString.cpp">
      <Filter>源文件</Filter>
    </ClCompile>
    <ClCompile Include="StartScene.cpp">
      <Filter>源文件</Filter>
    </ClCompile>
    <ClCompile Include="参考.cpp">
      <Filter>源文件</Filter>
    </ClCompile>
    <ClCompile Include="MyData.cpp">
      <Filter>源文件</Filter>
    </ClCompile>
    <ClCompile Include="ReadLineData.cpp">
      <Filter>源文件</Filter>
    </ClCompile>
    <ClCompile Include="ObjectBase.cpp">
      <Filter>源文件\ToolObject</Filter>
    </ClCompile>
    <ClCompile Include="Button.cpp">
      <Filter>源文件\ToolObject</Filter>
    </ClCompile>
    <ClCompile Include="VARIABLE_NAME_DEFINE.cpp">
      <Filter>源文件</Filter>
    </ClCompile>
    <ClCompile Include="Widget.cpp">
      <Filter>源文件\ToolObject</Filter>
    </ClCompile>
    <ClCompile Include="ChildrenList.cpp">
      <Filter>源文件\ToolObject</Filter>
    </ClCompile>
  </ItemGroup>
  <ItemGroup>
    <None Include="packages.config" />
  </ItemGroup>
</Project>